
Microsoft Visual Studio Solution File, Format Version 12.00
# Visual Studio Version 17
VisualStudioVersion = 17.7.34024.191
MinimumVisualStudioVersion = 10.0.40219.1
Project("{9A19103F-16F7-4668-BE54-9A1E7A4F7556}") = "ZiRgr", "ConsoleApp1\ZiRgr.csproj", "{8DC86D97-BB1C-4DB1-836D-30CD2058518A}"
EndProject
Global
	GlobalSection(SolutionConfigurationPlatforms) = preSolution
		Debug|Any CPU = Debug|Any CPU
		Release|Any CPU = Release|Any CPU
	EndGlobalSection
	GlobalSection(ProjectConfigurationPlatforms) = postSolution
		{8DC86D97-BB1C-4DB1-836D-30CD2058518A}.Debug|Any CPU.ActiveCfg = Debug|Any CPU
		{8DC86D97-BB1C-4DB1-836D-30CD2058518A}.Debug|Any CPU.Build.0 = Debug|Any CPU
		{8DC86D97-BB1C-4DB1-836D-30CD2058518A}.Release|Any CPU.ActiveCfg = Release|Any CPU
		{8DC86D97-BB1C-4DB1-836D-30CD2058518A}.Release|Any CPU.Build.0 = Release|Any CPU
	EndGlobalSection
	GlobalSection(SolutionProperties) = preSolution
		HideSolutionNode = FALSE
	EndGlobalSection
	GlobalSection(ExtensibilityGlobals) = postSolution
		SolutionGuid = {9736166F-A929-48E2-9121-1D7649DCFD3A}
	EndGlobalSection
EndGlobal
